# THIS IS AN AUTOGENERATED FILE. DO NOT EDIT THIS FILE DIRECTLY.
# yarn lockfile v1


fp-ts@^1.17.2:
  version "1.17.2"
  resolved "https://registry.yarnpkg.com/fp-ts/-/fp-ts-1.17.2.tgz#d8ab44a535ea53aad0623b289c15fad7e1f00e54"
  integrity sha512-8Ldcoj8IkYuOqINRcGeSI3JoatMM1A6rg2n4tn5jgaV7nwcX45UNOkFMhMpboEz4b+C+HKcc2tqOUmdu/hIBNw==
